
Microsoft Visual Studio Solution File, Format Version 12.00
# Visual Studio Version 16
VisualStudioVersion = 16.0.31129.286
MinimumVisualStudioVersion = 10.0.40219.1
Project("{FAE04EC0-301F-11D3-BF4B-00C04F79EFBC}") = "LINQChallenges", "LINQChallenges\LINQChallenges.csproj", "{4F150666-4499-4063-989A-0AFD86BD71DD}"
EndProject
Global
	GlobalSection(SolutionConfigurationPlatforms) = preSolution
		Debug|Any CPU = Debug|Any CPU
		Release|Any CPU = Release|Any CPU
	EndGlobalSection
	GlobalSection(ProjectConfigurationPlatforms) = postSolution
		{4F150666-4499-4063-989A-0AFD86BD71DD}.Debug|Any CPU.ActiveCfg = Debug|Any CPU
		{4F150666-4499-4063-989A-0AFD86BD71DD}.Debug|Any CPU.Build.0 = Debug|Any CPU
		{4F150666-4499-4063-989A-0AFD86BD71DD}.Release|Any CPU.ActiveCfg = Release|Any CPU
		{4F150666-4499-4063-989A-0AFD86BD71DD}.Release|Any CPU.Build.0 = Release|Any CPU
	EndGlobalSection
	GlobalSection(SolutionProperties) = preSolution
		HideSolutionNode = FALSE
	EndGlobalSection
	GlobalSection(ExtensibilityGlobals) = postSolution
		SolutionGuid = {F6D6E364-C3A0-4AA6-ACAD-C04A0DADDC43}
	EndGlobalSection
EndGlobal
